
Microsoft Visual Studio Solution File, Format Version 12.00
# Visual Studio 15
VisualStudioVersion = 15.0.27428.2043
MinimumVisualStudioVersion = 10.0.40219.1
Project("{FAE04EC0-301F-11D3-BF4B-00C04F79EFBC}") = "CommonContracts", "CommonContracts\CommonContracts.csproj", "{49341552-1779-4191-AD40-4F99A210D6AB}"
EndProject
Global
	GlobalSection(SolutionConfigurationPlatforms) = preSolution
		Debug|Any CPU = Debug|Any CPU
		Release|Any CPU = Release|Any CPU
	EndGlobalSection
	GlobalSection(ProjectConfigurationPlatforms) = postSolution
		{49341552-1779-4191-AD40-4F99A210D6AB}.Debug|Any CPU.ActiveCfg = Debug|Any CPU
		{49341552-1779-4191-AD40-4F99A210D6AB}.Debug|Any CPU.Build.0 = Debug|Any CPU
		{49341552-1779-4191-AD40-4F99A210D6AB}.Release|Any CPU.ActiveCfg = Release|Any CPU
		{49341552-1779-4191-AD40-4F99A210D6AB}.Release|Any CPU.Build.0 = Release|Any CPU
	EndGlobalSection
	GlobalSection(SolutionProperties) = preSolution
		HideSolutionNode = FALSE
	EndGlobalSection
	GlobalSection(ExtensibilityGlobals) = postSolution
		SolutionGuid = {E67F8066-FF60-499A-8847-E1A1D672940C}
	EndGlobalSection
EndGlobal
